
Microsoft Visual Studio Solution File, Format Version 12.00
# Visual Studio Version 17
VisualStudioVersion = 17.13.35806.99 d17.13
MinimumVisualStudioVersion = 10.0.40219.1
Project("{FAE04EC0-301F-11D3-BF4B-00C04F79EFBC}") = "Souq", "Souq\Souq.csproj", "{05176F03-90F0-47A1-BF12-F673CB5FCC08}"
EndProject
Global
	GlobalSection(SolutionConfigurationPlatforms) = preSolution
		Debug|Any CPU = Debug|Any CPU
		Release|Any CPU = Release|Any CPU
	EndGlobalSection
	GlobalSection(ProjectConfigurationPlatforms) = postSolution
		{05176F03-90F0-47A1-BF12-F673CB5FCC08}.Debug|Any CPU.ActiveCfg = Debug|Any CPU
		{05176F03-90F0-47A1-BF12-F673CB5FCC08}.Debug|Any CPU.Build.0 = Debug|Any CPU
		{05176F03-90F0-47A1-BF12-F673CB5FCC08}.Release|Any CPU.ActiveCfg = Release|Any CPU
		{05176F03-90F0-47A1-BF12-F673CB5FCC08}.Release|Any CPU.Build.0 = Release|Any CPU
	EndGlobalSection
	GlobalSection(SolutionProperties) = preSolution
		HideSolutionNode = FALSE
	EndGlobalSection
	GlobalSection(ExtensibilityGlobals) = postSolution
		SolutionGuid = {EA2DA26B-347A-4052-A5A5-4580662A4919}
	EndGlobalSection
EndGlobal
